{
  "sources": {
    "redmine": {
      "locked_version": "0.1.1",
      "git": "https://github.com/trilitheus/redmine.git",
      "ref": "c724ab10ac2e055fdc9720eafb8e3284ce7e88c7"
    },
    "wrapper-redmine": {
      "path": "."
    },
    "apt": {
      "locked_version": "2.3.4"
    },
    "mysql": {
      "locked_version": "4.0.20"
    },
    "openssl": {
      "locked_version": "1.1.0"
    },
    "build-essential": {
      "locked_version": "1.4.2"
    },
    "database": {
      "locked_version": "1.6.0"
    },
    "postgresql": {
      "locked_version": "3.3.4"
    },
    "aws": {
      "locked_version": "1.0.0"
    },
    "xfs": {
      "locked_version": "1.1.0"
    },
    "subversion": {
      "locked_version": "1.1.2"
    },
    "apache2": {
      "locked_version": "1.8.14"
    },
    "windows": {
      "locked_version": "1.12.8"
    },
    "chef_handler": {
      "locked_version": "1.1.4"
    },
    "ruby_build": {
      "locked_version": "0.8.0"
    },
    "git": {
      "locked_version": "2.9.0"
    },
    "dmg": {
      "locked_version": "2.1.4"
    },
    "runit": {
      "locked_version": "1.5.8"
    },
    "yum": {
      "locked_version": "3.0.4"
    },
    "yum-epel": {
      "locked_version": "0.2.0"
    },
    "nginx": {
      "locked_version": "2.2.2"
    },
    "bluepill": {
      "locked_version": "2.3.1"
    },
    "rsyslog": {
      "locked_version": "1.10.2"
    },
    "ohai": {
      "locked_version": "1.1.12"
    }
  }
}
